
Microsoft Visual Studio Solution File, Format Version 12.00
# Visual Studio Version 17
VisualStudioVersion = 17.2.32630.192
MinimumVisualStudioVersion = 10.0.40219.1
Project("{2150E333-8FDC-42A3-9474-1A3956D46DE8}") = "API", "API", "{0995521B-FBCE-4B24-91B1-5EBECDA80D72}"
EndProject
Project("{2150E333-8FDC-42A3-9474-1A3956D46DE8}") = "Application", "Application", "{0F5368C1-C100-4286-A569-3993E6A1B3E2}"
EndProject
Project("{2150E333-8FDC-42A3-9474-1A3956D46DE8}") = "Domain", "Domain", "{0E3471B1-B159-4276-8CE6-F87577F3557A}"
EndProject
Project("{2150E333-8FDC-42A3-9474-1A3956D46DE8}") = "Infrastructure", "Infrastructure", "{781FD8C6-06C0-46D5-8276-A536992D08D1}"
EndProject
Project("{2150E333-8FDC-42A3-9474-1A3956D46DE8}") = "Itens de Solução", "Itens de Solução", "{8ED311A3-8748-4F1A-AED2-D3E31805EA0D}"
	ProjectSection(SolutionItems) = preProject
		Nuget.config = Nuget.config
	EndProjectSection
EndProject
Project("{2150E333-8FDC-42A3-9474-1A3956D46DE8}") = "src", "src", "{5FDB79C5-1E45-4475-9850-AB6A56BBC727}"
EndProject
Project("{2150E333-8FDC-42A3-9474-1A3956D46DE8}") = "CrossCutting", "CrossCutting", "{735B49EA-B482-4CB9-B363-7DCBB6E80F61}"
EndProject
Project("{9A19103F-16F7-4668-BE54-9A1E7A4F7556}") = "Srv.Auth.API", "Srv.Auth.Api\Srv.Auth.API.csproj", "{2D688E16-4D77-49A4-B075-86E161C2ECEB}"
EndProject
Project("{9A19103F-16F7-4668-BE54-9A1E7A4F7556}") = "Srv.Auth.Application", "Srv.Auth.Application\Srv.Auth.Application.csproj", "{824CC51C-4404-4503-B5D9-15BD978449B2}"
EndProject
Project("{9A19103F-16F7-4668-BE54-9A1E7A4F7556}") = "Srv.Auth.CrosCutting", "Srv.Auth.CrosCutting\Srv.Auth.CrosCutting.csproj", "{9223A287-C25E-4546-B91F-5ECE92BCFD75}"
EndProject
Project("{9A19103F-16F7-4668-BE54-9A1E7A4F7556}") = "Srv.Auth.Domain", "Srv.Auth.Domain\Srv.Auth.Domain.csproj", "{D3AD3051-8369-49EC-B71E-7DD10ED86FC4}"
EndProject
Project("{9A19103F-16F7-4668-BE54-9A1E7A4F7556}") = "Srv.Auth.Repository", "Srv.Auth.Infrastructure\Srv.Auth.Repository.csproj", "{4961A860-33FB-43A0-BBC4-EB82D5DDF841}"
EndProject
Global
	GlobalSection(SolutionConfigurationPlatforms) = preSolution
		Debug|Any CPU = Debug|Any CPU
		Release|Any CPU = Release|Any CPU
	EndGlobalSection
	GlobalSection(ProjectConfigurationPlatforms) = postSolution
		{2D688E16-4D77-49A4-B075-86E161C2ECEB}.Debug|Any CPU.ActiveCfg = Debug|Any CPU
		{2D688E16-4D77-49A4-B075-86E161C2ECEB}.Debug|Any CPU.Build.0 = Debug|Any CPU
		{2D688E16-4D77-49A4-B075-86E161C2ECEB}.Release|Any CPU.ActiveCfg = Release|Any CPU
		{2D688E16-4D77-49A4-B075-86E161C2ECEB}.Release|Any CPU.Build.0 = Release|Any CPU
		{824CC51C-4404-4503-B5D9-15BD978449B2}.Debug|Any CPU.ActiveCfg = Debug|Any CPU
		{824CC51C-4404-4503-B5D9-15BD978449B2}.Debug|Any CPU.Build.0 = Debug|Any CPU
		{824CC51C-4404-4503-B5D9-15BD978449B2}.Release|Any CPU.ActiveCfg = Release|Any CPU
		{824CC51C-4404-4503-B5D9-15BD978449B2}.Release|Any CPU.Build.0 = Release|Any CPU
		{9223A287-C25E-4546-B91F-5ECE92BCFD75}.Debug|Any CPU.ActiveCfg = Debug|Any CPU
		{9223A287-C25E-4546-B91F-5ECE92BCFD75}.Debug|Any CPU.Build.0 = Debug|Any CPU
		{9223A287-C25E-4546-B91F-5ECE92BCFD75}.Release|Any CPU.ActiveCfg = Release|Any CPU
		{9223A287-C25E-4546-B91F-5ECE92BCFD75}.Release|Any CPU.Build.0 = Release|Any CPU
		{D3AD3051-8369-49EC-B71E-7DD10ED86FC4}.Debug|Any CPU.ActiveCfg = Debug|Any CPU
		{D3AD3051-8369-49EC-B71E-7DD10ED86FC4}.Debug|Any CPU.Build.0 = Debug|Any CPU
		{D3AD3051-8369-49EC-B71E-7DD10ED86FC4}.Release|Any CPU.ActiveCfg = Release|Any CPU
		{D3AD3051-8369-49EC-B71E-7DD10ED86FC4}.Release|Any CPU.Build.0 = Release|Any CPU
		{4961A860-33FB-43A0-BBC4-EB82D5DDF841}.Debug|Any CPU.ActiveCfg = Debug|Any CPU
		{4961A860-33FB-43A0-BBC4-EB82D5DDF841}.Debug|Any CPU.Build.0 = Debug|Any CPU
		{4961A860-33FB-43A0-BBC4-EB82D5DDF841}.Release|Any CPU.ActiveCfg = Release|Any CPU
		{4961A860-33FB-43A0-BBC4-EB82D5DDF841}.Release|Any CPU.Build.0 = Release|Any CPU
	EndGlobalSection
	GlobalSection(SolutionProperties) = preSolution
		HideSolutionNode = FALSE
	EndGlobalSection
	GlobalSection(NestedProjects) = preSolution
		{0995521B-FBCE-4B24-91B1-5EBECDA80D72} = {5FDB79C5-1E45-4475-9850-AB6A56BBC727}
		{0F5368C1-C100-4286-A569-3993E6A1B3E2} = {5FDB79C5-1E45-4475-9850-AB6A56BBC727}
		{0E3471B1-B159-4276-8CE6-F87577F3557A} = {5FDB79C5-1E45-4475-9850-AB6A56BBC727}
		{781FD8C6-06C0-46D5-8276-A536992D08D1} = {5FDB79C5-1E45-4475-9850-AB6A56BBC727}
		{8ED311A3-8748-4F1A-AED2-D3E31805EA0D} = {5FDB79C5-1E45-4475-9850-AB6A56BBC727}
		{735B49EA-B482-4CB9-B363-7DCBB6E80F61} = {5FDB79C5-1E45-4475-9850-AB6A56BBC727}
		{2D688E16-4D77-49A4-B075-86E161C2ECEB} = {0995521B-FBCE-4B24-91B1-5EBECDA80D72}
		{824CC51C-4404-4503-B5D9-15BD978449B2} = {0F5368C1-C100-4286-A569-3993E6A1B3E2}
		{9223A287-C25E-4546-B91F-5ECE92BCFD75} = {735B49EA-B482-4CB9-B363-7DCBB6E80F61}
		{D3AD3051-8369-49EC-B71E-7DD10ED86FC4} = {0E3471B1-B159-4276-8CE6-F87577F3557A}
		{4961A860-33FB-43A0-BBC4-EB82D5DDF841} = {781FD8C6-06C0-46D5-8276-A536992D08D1}
	EndGlobalSection
	GlobalSection(ExtensibilityGlobals) = postSolution
		SolutionGuid = {392A8FD3-584B-4A13-97AB-B71EAAD0D7D3}
	EndGlobalSection
EndGlobal
